
Microsoft Visual Studio Solution File, Format Version 12.00
# Visual Studio Version 16
VisualStudioVersion = 16.0.29509.3
MinimumVisualStudioVersion = 10.0.40219.1
Project("{2150E333-8FDC-42A3-9474-1A3956D46DE8}") = "Part2 Week1", "Part2 Week1", "{0791ED11-9EFD-47A3-9B70-EB28820F6545}"
EndProject
Project("{FAE04EC0-301F-11D3-BF4B-00C04F79EFBC}") = "CheckBracketsInTheCode", "CheckBracketsInTheCode\CheckBracketsInTheCode.csproj", "{30193D20-345C-4D70-AF88-3B5C8A09ED03}"
EndProject
Project("{FAE04EC0-301F-11D3-BF4B-00C04F79EFBC}") = "ComputeTreeHeight", "ComputeTreeHeight\ComputeTreeHeight.csproj", "{014F733D-ADDC-4B7C-9E33-AFB65ADF3922}"
EndProject
Project("{FAE04EC0-301F-11D3-BF4B-00C04F79EFBC}") = "NetworkPacketProcessingSimulation", "NetworkPacketProcessingSimulation\NetworkPacketProcessingSimulation.csproj", "{666CE220-74BF-4AA1-8DBF-559125850F74}"
EndProject
Project("{FAE04EC0-301F-11D3-BF4B-00C04F79EFBC}") = "ExtendingStackInterface", "ExtendingStackInterface\ExtendingStackInterface.csproj", "{F81236D7-B3B7-4169-8351-CF58CBF2D3AA}"
EndProject
Project("{FAE04EC0-301F-11D3-BF4B-00C04F79EFBC}") = "MaximumInSlidingWindow", "MaximumInSlidingWindow\MaximumInSlidingWindow.csproj", "{728E802C-43FA-4B71-A942-4447170F3D08}"
EndProject
Project("{2150E333-8FDC-42A3-9474-1A3956D46DE8}") = "Part2 Week2", "Part2 Week2", "{5090CF99-40EB-4C73-8E9A-0F77C385B43B}"
EndProject
Project("{FAE04EC0-301F-11D3-BF4B-00C04F79EFBC}") = "ConvertArrayIntoHeap", "MakeHeap\ConvertArrayIntoHeap.csproj", "{471E54AF-47FB-45B9-81BE-D5A247E2F749}"
EndProject
Project("{FAE04EC0-301F-11D3-BF4B-00C04F79EFBC}") = "ParallelProcessing", "ParallelProcessing\ParallelProcessing.csproj", "{F15E580B-C912-4146-9F37-13EDA4B0297D}"
EndProject
Project("{FAE04EC0-301F-11D3-BF4B-00C04F79EFBC}") = "MergingTables", "MergingTables\MergingTables.csproj", "{DA9CEBD9-03B6-4909-971A-B51A1A50D1B4}"
EndProject
Project("{2150E333-8FDC-42A3-9474-1A3956D46DE8}") = "Part2 Week4", "Part2 Week4", "{D1DCCF78-77CB-4891-9275-141EDCD4A19B}"
EndProject
Project("{FAE04EC0-301F-11D3-BF4B-00C04F79EFBC}") = "PhoneBook", "PhoneBook\PhoneBook.csproj", "{BBCCCD7B-9C6E-4A39-90EA-E6F7645463AF}"
EndProject
Project("{FAE04EC0-301F-11D3-BF4B-00C04F79EFBC}") = "HashingWithChains", "HashingWithChains\HashingWithChains.csproj", "{63462C2F-39E9-4EB1-A46B-E19941DDBC1E}"
EndProject
Project("{FAE04EC0-301F-11D3-BF4B-00C04F79EFBC}") = "FindPatternInText", "FindPatternInText\FindPatternInText.csproj", "{D5F583F8-4F85-46AE-8C39-49944BE4C2D3}"
EndProject
Project("{FAE04EC0-301F-11D3-BF4B-00C04F79EFBC}") = "SubstringEquality", "SubstringEquality\SubstringEquality.csproj", "{A824A256-EA6D-4935-A5B9-4D47AB362EC9}"
EndProject
Project("{FAE04EC0-301F-11D3-BF4B-00C04F79EFBC}") = "LongestCommonSubstring", "LongestCommonSubstring\LongestCommonSubstring.csproj", "{C37D33E0-EBB2-48BA-B780-EF79C9C6FF23}"
EndProject
Project("{FAE04EC0-301F-11D3-BF4B-00C04F79EFBC}") = "PatternMatchingWithMismatches", "PatternMatchingWithMismatches\PatternMatchingWithMismatches.csproj", "{E7838F00-EE2B-44DB-9062-40D8E8F52F69}"
EndProject
Project("{2150E333-8FDC-42A3-9474-1A3956D46DE8}") = "Part2 Week6", "Part2 Week6", "{B6B2A94D-FB74-4F69-B351-729366B7D5E3}"
EndProject
Project("{FAE04EC0-301F-11D3-BF4B-00C04F79EFBC}") = "BinaryTreeTraversals", "BinaryTreeTraversals\BinaryTreeTraversals.csproj", "{E754C22C-004C-42B3-ACCF-E1BDC7749FB3}"
EndProject
Project("{FAE04EC0-301F-11D3-BF4B-00C04F79EFBC}") = "IsItABinarySearchTree", "IsItABinarySearchTree\IsItABinarySearchTree.csproj", "{098EC949-4164-475C-B63D-E31321CE8050}"
EndProject
Project("{FAE04EC0-301F-11D3-BF4B-00C04F79EFBC}") = "IsItABinarysearchTreeHardVersion", "IsItABinarysearchTreeHardVersion\IsItABinarysearchTreeHardVersion.csproj", "{E71B63C7-BCDE-4E35-8717-2EF69927E86D}"
EndProject
Project("{2150E333-8FDC-42A3-9474-1A3956D46DE8}") = "Part3 Week1", "Part3 Week1", "{50B0559A-0FFC-4FFA-ADE2-BCEBFC04764A}"
EndProject
Project("{FAE04EC0-301F-11D3-BF4B-00C04F79EFBC}") = "FindingAnExitFromAMaze", "FindingAnExitFromAMaze\FindingAnExitFromAMaze.csproj", "{6373445A-A1AD-4573-9CD4-B7A9583413D2}"
EndProject
Project("{FAE04EC0-301F-11D3-BF4B-00C04F79EFBC}") = "AddingExitToAMaze", "AddingExitToAMaze\AddingExitToAMaze.csproj", "{646C5B03-6009-404A-A190-0D7965341C75}"
EndProject
Project("{2150E333-8FDC-42A3-9474-1A3956D46DE8}") = "Part3 Week2", "Part3 Week2", "{A6F31583-5689-470E-925D-86C2293A692D}"
EndProject
Project("{FAE04EC0-301F-11D3-BF4B-00C04F79EFBC}") = "CheckingConsistencyOfCSCurriculum", "CheckingConsistencyOfCSCurriculum\CheckingConsistencyOfCSCurriculum.csproj", "{D7C5BC4A-41A1-42C4-B23C-12CA2BCE84C7}"
EndProject
Project("{FAE04EC0-301F-11D3-BF4B-00C04F79EFBC}") = "DeterminingAnOrderOfCources", "DeterminingAnOrderOfCources\DeterminingAnOrderOfCources.csproj", "{D9495524-57D4-4089-8479-60DDD427BAF0}"
EndProject
Project("{FAE04EC0-301F-11D3-BF4B-00C04F79EFBC}") = "StronglyConnectedComponents", "StronglyConnectedComponents\StronglyConnectedComponents.csproj", "{82376288-F2D9-4673-824A-283D0C0E8F47}"
EndProject
Project("{2150E333-8FDC-42A3-9474-1A3956D46DE8}") = "Part3 Week3", "Part3 Week3", "{C521DF3F-BD00-4594-B24F-4ED4572DE8FF}"
EndProject
Project("{FAE04EC0-301F-11D3-BF4B-00C04F79EFBC}") = "MinimumNumberOfFlightSegments", "MinimumNumberOfFlightSegments\MinimumNumberOfFlightSegments.csproj", "{E3952B78-ED3A-4711-94D9-B5ED4FCC3EBF}"
EndProject
Project("{FAE04EC0-301F-11D3-BF4B-00C04F79EFBC}") = "Bipartite", "Bipartite\Bipartite.csproj", "{CFDA9A7C-AAA3-454D-B539-E461530C1B88}"
EndProject
Project("{2150E333-8FDC-42A3-9474-1A3956D46DE8}") = "Part3 Week4", "Part3 Week4", "{EBF79774-B440-4D8F-A834-8621977C76A3}"
EndProject
Project("{FAE04EC0-301F-11D3-BF4B-00C04F79EFBC}") = "MinimumCostOfAFlight", "MinimumCostOfAFlight\MinimumCostOfAFlight.csproj", "{6B1E0CA3-34D8-4DF4-9A40-3820FC5E72BE}"
EndProject
Project("{FAE04EC0-301F-11D3-BF4B-00C04F79EFBC}") = "DetectingAnomaliesInCurrencyExchangeRate", "DetectingAnomaliesInCurrencyExchangeRate\DetectingAnomaliesInCurrencyExchangeRate.csproj", "{FD8FFCAC-76BA-4D01-9E72-9645E3F1D9D0}"
EndProject
Project("{FAE04EC0-301F-11D3-BF4B-00C04F79EFBC}") = "ExchangingMoneyOptimally", "ExchangingMoneyOptimally\ExchangingMoneyOptimally.csproj", "{B99D293F-1966-49A7-BFDE-B7FEA4F023B7}"
EndProject
Project("{2150E333-8FDC-42A3-9474-1A3956D46DE8}") = "Part3 Week5", "Part3 Week5", "{C2D754D2-C9AE-42E1-BCF2-DB541712CB1E}"
EndProject
Project("{FAE04EC0-301F-11D3-BF4B-00C04F79EFBC}") = "BuildingRoadsToConnectCities", "BuildingRoadsToConnectCities\BuildingRoadsToConnectCities.csproj", "{23AA2919-D78F-4A38-86EE-1DEC54E277DD}"
EndProject
Project("{FAE04EC0-301F-11D3-BF4B-00C04F79EFBC}") = "Clustering", "Clustering\Clustering.csproj", "{6CE631EA-8212-4F42-882E-102C2604CEF2}"
EndProject
Global
	GlobalSection(SolutionConfigurationPlatforms) = preSolution
		Debug|Any CPU = Debug|Any CPU
		Release|Any CPU = Release|Any CPU
	EndGlobalSection
	GlobalSection(ProjectConfigurationPlatforms) = postSolution
		{30193D20-345C-4D70-AF88-3B5C8A09ED03}.Debug|Any CPU.ActiveCfg = Debug|Any CPU
		{30193D20-345C-4D70-AF88-3B5C8A09ED03}.Debug|Any CPU.Build.0 = Debug|Any CPU
		{30193D20-345C-4D70-AF88-3B5C8A09ED03}.Release|Any CPU.ActiveCfg = Release|Any CPU
		{30193D20-345C-4D70-AF88-3B5C8A09ED03}.Release|Any CPU.Build.0 = Release|Any CPU
		{014F733D-ADDC-4B7C-9E33-AFB65ADF3922}.Debug|Any CPU.ActiveCfg = Debug|Any CPU
		{014F733D-ADDC-4B7C-9E33-AFB65ADF3922}.Debug|Any CPU.Build.0 = Debug|Any CPU
		{014F733D-ADDC-4B7C-9E33-AFB65ADF3922}.Release|Any CPU.ActiveCfg = Release|Any CPU
		{014F733D-ADDC-4B7C-9E33-AFB65ADF3922}.Release|Any CPU.Build.0 = Release|Any CPU
		{666CE220-74BF-4AA1-8DBF-559125850F74}.Debug|Any CPU.ActiveCfg = Debug|Any CPU
		{666CE220-74BF-4AA1-8DBF-559125850F74}.Debug|Any CPU.Build.0 = Debug|Any CPU
		{666CE220-74BF-4AA1-8DBF-559125850F74}.Release|Any CPU.ActiveCfg = Release|Any CPU
		{666CE220-74BF-4AA1-8DBF-559125850F74}.Release|Any CPU.Build.0 = Release|Any CPU
		{F81236D7-B3B7-4169-8351-CF58CBF2D3AA}.Debug|Any CPU.ActiveCfg = Debug|Any CPU
		{F81236D7-B3B7-4169-8351-CF58CBF2D3AA}.Debug|Any CPU.Build.0 = Debug|Any CPU
		{F81236D7-B3B7-4169-8351-CF58CBF2D3AA}.Release|Any CPU.ActiveCfg = Release|Any CPU
		{F81236D7-B3B7-4169-8351-CF58CBF2D3AA}.Release|Any CPU.Build.0 = Release|Any CPU
		{728E802C-43FA-4B71-A942-4447170F3D08}.Debug|Any CPU.ActiveCfg = Debug|Any CPU
		{728E802C-43FA-4B71-A942-4447170F3D08}.Debug|Any CPU.Build.0 = Debug|Any CPU
		{728E802C-43FA-4B71-A942-4447170F3D08}.Release|Any CPU.ActiveCfg = Release|Any CPU
		{728E802C-43FA-4B71-A942-4447170F3D08}.Release|Any CPU.Build.0 = Release|Any CPU
		{471E54AF-47FB-45B9-81BE-D5A247E2F749}.Debug|Any CPU.ActiveCfg = Debug|Any CPU
		{471E54AF-47FB-45B9-81BE-D5A247E2F749}.Debug|Any CPU.Build.0 = Debug|Any CPU
		{471E54AF-47FB-45B9-81BE-D5A247E2F749}.Release|Any CPU.ActiveCfg = Release|Any CPU
		{471E54AF-47FB-45B9-81BE-D5A247E2F749}.Release|Any CPU.Build.0 = Release|Any CPU
		{F15E580B-C912-4146-9F37-13EDA4B0297D}.Debug|Any CPU.ActiveCfg = Debug|Any CPU
		{F15E580B-C912-4146-9F37-13EDA4B0297D}.Debug|Any CPU.Build.0 = Debug|Any CPU
		{F15E580B-C912-4146-9F37-13EDA4B0297D}.Release|Any CPU.ActiveCfg = Release|Any CPU
		{F15E580B-C912-4146-9F37-13EDA4B0297D}.Release|Any CPU.Build.0 = Release|Any CPU
		{DA9CEBD9-03B6-4909-971A-B51A1A50D1B4}.Debug|Any CPU.ActiveCfg = Debug|Any CPU
		{DA9CEBD9-03B6-4909-971A-B51A1A50D1B4}.Debug|Any CPU.Build.0 = Debug|Any CPU
		{DA9CEBD9-03B6-4909-971A-B51A1A50D1B4}.Release|Any CPU.ActiveCfg = Release|Any CPU
		{DA9CEBD9-03B6-4909-971A-B51A1A50D1B4}.Release|Any CPU.Build.0 = Release|Any CPU
		{BBCCCD7B-9C6E-4A39-90EA-E6F7645463AF}.Debug|Any CPU.ActiveCfg = Debug|Any CPU
		{BBCCCD7B-9C6E-4A39-90EA-E6F7645463AF}.Debug|Any CPU.Build.0 = Debug|Any CPU
		{BBCCCD7B-9C6E-4A39-90EA-E6F7645463AF}.Release|Any CPU.ActiveCfg = Release|Any CPU
		{BBCCCD7B-9C6E-4A39-90EA-E6F7645463AF}.Release|Any CPU.Build.0 = Release|Any CPU
		{63462C2F-39E9-4EB1-A46B-E19941DDBC1E}.Debug|Any CPU.ActiveCfg = Debug|Any CPU
		{63462C2F-39E9-4EB1-A46B-E19941DDBC1E}.Debug|Any CPU.Build.0 = Debug|Any CPU
		{63462C2F-39E9-4EB1-A46B-E19941DDBC1E}.Release|Any CPU.ActiveCfg = Release|Any CPU
		{63462C2F-39E9-4EB1-A46B-E19941DDBC1E}.Release|Any CPU.Build.0 = Release|Any CPU
		{D5F583F8-4F85-46AE-8C39-49944BE4C2D3}.Debug|Any CPU.ActiveCfg = Debug|Any CPU
		{D5F583F8-4F85-46AE-8C39-49944BE4C2D3}.Debug|Any CPU.Build.0 = Debug|Any CPU
		{D5F583F8-4F85-46AE-8C39-49944BE4C2D3}.Release|Any CPU.ActiveCfg = Release|Any CPU
		{D5F583F8-4F85-46AE-8C39-49944BE4C2D3}.Release|Any CPU.Build.0 = Release|Any CPU
		{A824A256-EA6D-4935-A5B9-4D47AB362EC9}.Debug|Any CPU.ActiveCfg = Debug|Any CPU
		{A824A256-EA6D-4935-A5B9-4D47AB362EC9}.Debug|Any CPU.Build.0 = Debug|Any CPU
		{A824A256-EA6D-4935-A5B9-4D47AB362EC9}.Release|Any CPU.ActiveCfg = Release|Any CPU
		{A824A256-EA6D-4935-A5B9-4D47AB362EC9}.Release|Any CPU.Build.0 = Release|Any CPU
		{C37D33E0-EBB2-48BA-B780-EF79C9C6FF23}.Debug|Any CPU.ActiveCfg = Debug|Any CPU
		{C37D33E0-EBB2-48BA-B780-EF79C9C6FF23}.Debug|Any CPU.Build.0 = Debug|Any CPU
		{C37D33E0-EBB2-48BA-B780-EF79C9C6FF23}.Release|Any CPU.ActiveCfg = Release|Any CPU
		{C37D33E0-EBB2-48BA-B780-EF79C9C6FF23}.Release|Any CPU.Build.0 = Release|Any CPU
		{E7838F00-EE2B-44DB-9062-40D8E8F52F69}.Debug|Any CPU.ActiveCfg = Debug|Any CPU
		{E7838F00-EE2B-44DB-9062-40D8E8F52F69}.Debug|Any CPU.Build.0 = Debug|Any CPU
		{E7838F00-EE2B-44DB-9062-40D8E8F52F69}.Release|Any CPU.ActiveCfg = Release|Any CPU
		{E7838F00-EE2B-44DB-9062-40D8E8F52F69}.Release|Any CPU.Build.0 = Release|Any CPU
		{E754C22C-004C-42B3-ACCF-E1BDC7749FB3}.Debug|Any CPU.ActiveCfg = Debug|Any CPU
		{E754C22C-004C-42B3-ACCF-E1BDC7749FB3}.Debug|Any CPU.Build.0 = Debug|Any CPU
		{E754C22C-004C-42B3-ACCF-E1BDC7749FB3}.Release|Any CPU.ActiveCfg = Release|Any CPU
		{E754C22C-004C-42B3-ACCF-E1BDC7749FB3}.Release|Any CPU.Build.0 = Release|Any CPU
		{098EC949-4164-475C-B63D-E31321CE8050}.Debug|Any CPU.ActiveCfg = Debug|Any CPU
		{098EC949-4164-475C-B63D-E31321CE8050}.Debug|Any CPU.Build.0 = Debug|Any CPU
		{098EC949-4164-475C-B63D-E31321CE8050}.Release|Any CPU.ActiveCfg = Release|Any CPU
		{098EC949-4164-475C-B63D-E31321CE8050}.Release|Any CPU.Build.0 = Release|Any CPU
		{E71B63C7-BCDE-4E35-8717-2EF69927E86D}.Debug|Any CPU.ActiveCfg = Debug|Any CPU
		{E71B63C7-BCDE-4E35-8717-2EF69927E86D}.Debug|Any CPU.Build.0 = Debug|Any CPU
		{E71B63C7-BCDE-4E35-8717-2EF69927E86D}.Release|Any CPU.ActiveCfg = Release|Any CPU
		{E71B63C7-BCDE-4E35-8717-2EF69927E86D}.Release|Any CPU.Build.0 = Release|Any CPU
		{6373445A-A1AD-4573-9CD4-B7A9583413D2}.Debug|Any CPU.ActiveCfg = Debug|Any CPU
		{6373445A-A1AD-4573-9CD4-B7A9583413D2}.Debug|Any CPU.Build.0 = Debug|Any CPU
		{6373445A-A1AD-4573-9CD4-B7A9583413D2}.Release|Any CPU.ActiveCfg = Release|Any CPU
		{6373445A-A1AD-4573-9CD4-B7A9583413D2}.Release|Any CPU.Build.0 = Release|Any CPU
		{646C5B03-6009-404A-A190-0D7965341C75}.Debug|Any CPU.ActiveCfg = Debug|Any CPU
		{646C5B03-6009-404A-A190-0D7965341C75}.Debug|Any CPU.Build.0 = Debug|Any CPU
		{646C5B03-6009-404A-A190-0D7965341C75}.Release|Any CPU.ActiveCfg = Release|Any CPU
		{646C5B03-6009-404A-A190-0D7965341C75}.Release|Any CPU.Build.0 = Release|Any CPU
		{D7C5BC4A-41A1-42C4-B23C-12CA2BCE84C7}.Debug|Any CPU.ActiveCfg = Debug|Any CPU
		{D7C5BC4A-41A1-42C4-B23C-12CA2BCE84C7}.Debug|Any CPU.Build.0 = Debug|Any CPU
		{D7C5BC4A-41A1-42C4-B23C-12CA2BCE84C7}.Release|Any CPU.ActiveCfg = Release|Any CPU
		{D7C5BC4A-41A1-42C4-B23C-12CA2BCE84C7}.Release|Any CPU.Build.0 = Release|Any CPU
		{D9495524-57D4-4089-8479-60DDD427BAF0}.Debug|Any CPU.ActiveCfg = Debug|Any CPU
		{D9495524-57D4-4089-8479-60DDD427BAF0}.Debug|Any CPU.Build.0 = Debug|Any CPU
		{D9495524-57D4-4089-8479-60DDD427BAF0}.Release|Any CPU.ActiveCfg = Release|Any CPU
		{D9495524-57D4-4089-8479-60DDD427BAF0}.Release|Any CPU.Build.0 = Release|Any CPU
		{82376288-F2D9-4673-824A-283D0C0E8F47}.Debug|Any CPU.ActiveCfg = Debug|Any CPU
		{82376288-F2D9-4673-824A-283D0C0E8F47}.Debug|Any CPU.Build.0 = Debug|Any CPU
		{82376288-F2D9-4673-824A-283D0C0E8F47}.Release|Any CPU.ActiveCfg = Release|Any CPU
		{82376288-F2D9-4673-824A-283D0C0E8F47}.Release|Any CPU.Build.0 = Release|Any CPU
		{E3952B78-ED3A-4711-94D9-B5ED4FCC3EBF}.Debug|Any CPU.ActiveCfg = Debug|Any CPU
		{E3952B78-ED3A-4711-94D9-B5ED4FCC3EBF}.Debug|Any CPU.Build.0 = Debug|Any CPU
		{E3952B78-ED3A-4711-94D9-B5ED4FCC3EBF}.Release|Any CPU.ActiveCfg = Release|Any CPU
		{E3952B78-ED3A-4711-94D9-B5ED4FCC3EBF}.Release|Any CPU.Build.0 = Release|Any CPU
		{CFDA9A7C-AAA3-454D-B539-E461530C1B88}.Debug|Any CPU.ActiveCfg = Debug|Any CPU
		{CFDA9A7C-AAA3-454D-B539-E461530C1B88}.Debug|Any CPU.Build.0 = Debug|Any CPU
		{CFDA9A7C-AAA3-454D-B539-E461530C1B88}.Release|Any CPU.ActiveCfg = Release|Any CPU
		{CFDA9A7C-AAA3-454D-B539-E461530C1B88}.Release|Any CPU.Build.0 = Release|Any CPU
		{6B1E0CA3-34D8-4DF4-9A40-3820FC5E72BE}.Debug|Any CPU.ActiveCfg = Debug|Any CPU
		{6B1E0CA3-34D8-4DF4-9A40-3820FC5E72BE}.Debug|Any CPU.Build.0 = Debug|Any CPU
		{6B1E0CA3-34D8-4DF4-9A40-3820FC5E72BE}.Release|Any CPU.ActiveCfg = Release|Any CPU
		{6B1E0CA3-34D8-4DF4-9A40-3820FC5E72BE}.Release|Any CPU.Build.0 = Release|Any CPU
		{FD8FFCAC-76BA-4D01-9E72-9645E3F1D9D0}.Debug|Any CPU.ActiveCfg = Debug|Any CPU
		{FD8FFCAC-76BA-4D01-9E72-9645E3F1D9D0}.Debug|Any CPU.Build.0 = Debug|Any CPU
		{FD8FFCAC-76BA-4D01-9E72-9645E3F1D9D0}.Release|Any CPU.ActiveCfg = Release|Any CPU
		{FD8FFCAC-76BA-4D01-9E72-9645E3F1D9D0}.Release|Any CPU.Build.0 = Release|Any CPU
		{B99D293F-1966-49A7-BFDE-B7FEA4F023B7}.Debug|Any CPU.ActiveCfg = Debug|Any CPU
		{B99D293F-1966-49A7-BFDE-B7FEA4F023B7}.Debug|Any CPU.Build.0 = Debug|Any CPU
		{B99D293F-1966-49A7-BFDE-B7FEA4F023B7}.Release|Any CPU.ActiveCfg = Release|Any CPU
		{B99D293F-1966-49A7-BFDE-B7FEA4F023B7}.Release|Any CPU.Build.0 = Release|Any CPU
		{23AA2919-D78F-4A38-86EE-1DEC54E277DD}.Debug|Any CPU.ActiveCfg = Debug|Any CPU
		{23AA2919-D78F-4A38-86EE-1DEC54E277DD}.Debug|Any CPU.Build.0 = Debug|Any CPU
		{23AA2919-D78F-4A38-86EE-1DEC54E277DD}.Release|Any CPU.ActiveCfg = Release|Any CPU
		{23AA2919-D78F-4A38-86EE-1DEC54E277DD}.Release|Any CPU.Build.0 = Release|Any CPU
		{6CE631EA-8212-4F42-882E-102C2604CEF2}.Debug|Any CPU.ActiveCfg = Debug|Any CPU
		{6CE631EA-8212-4F42-882E-102C2604CEF2}.Debug|Any CPU.Build.0 = Debug|Any CPU
		{6CE631EA-8212-4F42-882E-102C2604CEF2}.Release|Any CPU.ActiveCfg = Release|Any CPU
		{6CE631EA-8212-4F42-882E-102C2604CEF2}.Release|Any CPU.Build.0 = Release|Any CPU
	EndGlobalSection
	GlobalSection(SolutionProperties) = preSolution
		HideSolutionNode = FALSE
	EndGlobalSection
	GlobalSection(NestedProjects) = preSolution
		{30193D20-345C-4D70-AF88-3B5C8A09ED03} = {0791ED11-9EFD-47A3-9B70-EB28820F6545}
		{014F733D-ADDC-4B7C-9E33-AFB65ADF3922} = {0791ED11-9EFD-47A3-9B70-EB28820F6545}
		{666CE220-74BF-4AA1-8DBF-559125850F74} = {0791ED11-9EFD-47A3-9B70-EB28820F6545}
		{F81236D7-B3B7-4169-8351-CF58CBF2D3AA} = {0791ED11-9EFD-47A3-9B70-EB28820F6545}
		{728E802C-43FA-4B71-A942-4447170F3D08} = {0791ED11-9EFD-47A3-9B70-EB28820F6545}
		{471E54AF-47FB-45B9-81BE-D5A247E2F749} = {5090CF99-40EB-4C73-8E9A-0F77C385B43B}
		{F15E580B-C912-4146-9F37-13EDA4B0297D} = {5090CF99-40EB-4C73-8E9A-0F77C385B43B}
		{DA9CEBD9-03B6-4909-971A-B51A1A50D1B4} = {5090CF99-40EB-4C73-8E9A-0F77C385B43B}
		{BBCCCD7B-9C6E-4A39-90EA-E6F7645463AF} = {D1DCCF78-77CB-4891-9275-141EDCD4A19B}
		{63462C2F-39E9-4EB1-A46B-E19941DDBC1E} = {D1DCCF78-77CB-4891-9275-141EDCD4A19B}
		{D5F583F8-4F85-46AE-8C39-49944BE4C2D3} = {D1DCCF78-77CB-4891-9275-141EDCD4A19B}
		{A824A256-EA6D-4935-A5B9-4D47AB362EC9} = {D1DCCF78-77CB-4891-9275-141EDCD4A19B}
		{C37D33E0-EBB2-48BA-B780-EF79C9C6FF23} = {D1DCCF78-77CB-4891-9275-141EDCD4A19B}
		{E7838F00-EE2B-44DB-9062-40D8E8F52F69} = {D1DCCF78-77CB-4891-9275-141EDCD4A19B}
		{E754C22C-004C-42B3-ACCF-E1BDC7749FB3} = {B6B2A94D-FB74-4F69-B351-729366B7D5E3}
		{098EC949-4164-475C-B63D-E31321CE8050} = {B6B2A94D-FB74-4F69-B351-729366B7D5E3}
		{E71B63C7-BCDE-4E35-8717-2EF69927E86D} = {B6B2A94D-FB74-4F69-B351-729366B7D5E3}
		{6373445A-A1AD-4573-9CD4-B7A9583413D2} = {50B0559A-0FFC-4FFA-ADE2-BCEBFC04764A}
		{646C5B03-6009-404A-A190-0D7965341C75} = {50B0559A-0FFC-4FFA-ADE2-BCEBFC04764A}
		{D7C5BC4A-41A1-42C4-B23C-12CA2BCE84C7} = {A6F31583-5689-470E-925D-86C2293A692D}
		{D9495524-57D4-4089-8479-60DDD427BAF0} = {A6F31583-5689-470E-925D-86C2293A692D}
		{82376288-F2D9-4673-824A-283D0C0E8F47} = {A6F31583-5689-470E-925D-86C2293A692D}
		{E3952B78-ED3A-4711-94D9-B5ED4FCC3EBF} = {C521DF3F-BD00-4594-B24F-4ED4572DE8FF}
		{CFDA9A7C-AAA3-454D-B539-E461530C1B88} = {C521DF3F-BD00-4594-B24F-4ED4572DE8FF}
		{6B1E0CA3-34D8-4DF4-9A40-3820FC5E72BE} = {EBF79774-B440-4D8F-A834-8621977C76A3}
		{FD8FFCAC-76BA-4D01-9E72-9645E3F1D9D0} = {EBF79774-B440-4D8F-A834-8621977C76A3}
		{B99D293F-1966-49A7-BFDE-B7FEA4F023B7} = {EBF79774-B440-4D8F-A834-8621977C76A3}
		{23AA2919-D78F-4A38-86EE-1DEC54E277DD} = {C2D754D2-C9AE-42E1-BCF2-DB541712CB1E}
		{6CE631EA-8212-4F42-882E-102C2604CEF2} = {C2D754D2-C9AE-42E1-BCF2-DB541712CB1E}
	EndGlobalSection
	GlobalSection(ExtensibilityGlobals) = postSolution
		SolutionGuid = {98C72D6E-1B3E-4FBF-80B0-0483F2B507CA}
	EndGlobalSection
EndGlobal
